
Microsoft Visual Studio Solution File, Format Version 12.00
# Visual Studio Version 16
VisualStudioVersion = 16.0.810.4
MinimumVisualStudioVersion = 10.0.40219.1
Project("{FAE04EC0-301F-11D3-BF4B-00C04F79EFBC}") = "T4Eje5", "T4Eje5\T4Eje5.csproj", "{10D64F41-3E48-4CF0-AB24-3D198FAF5837}"
EndProject
Global
	GlobalSection(SolutionConfigurationPlatforms) = preSolution
		Debug|anycpu = Debug|anycpu
		Release|anycpu = Release|anycpu
	EndGlobalSection
	GlobalSection(ProjectConfigurationPlatforms) = postSolution
		{10D64F41-3E48-4CF0-AB24-3D198FAF5837}.Debug|anycpu.ActiveCfg = Debug|anycpu
		{10D64F41-3E48-4CF0-AB24-3D198FAF5837}.Debug|anycpu.Build.0 = Debug|anycpu
		{10D64F41-3E48-4CF0-AB24-3D198FAF5837}.Release|anycpu.ActiveCfg = Release|anycpu
		{10D64F41-3E48-4CF0-AB24-3D198FAF5837}.Release|anycpu.Build.0 = Release|anycpu
	EndGlobalSection
	GlobalSection(SolutionProperties) = preSolution
		HideSolutionNode = FALSE
	EndGlobalSection
	GlobalSection(ExtensibilityGlobals) = postSolution
		SolutionGuid = {C6EF9820-DE7B-4CF7-B51D-32759FFE8A05}
	EndGlobalSection
EndGlobal
